
Microsoft Visual Studio Solution File, Format Version 12.00
# Visual Studio Version 17
VisualStudioVersion = 17.0.31912.275
MinimumVisualStudioVersion = 10.0.40219.1
Project("{FAE04EC0-301F-11D3-BF4B-00C04F79EFBC}") = "LeakedAccountApi", "leaked-account-api\LeakedAccountApi.csproj", "{4EEBD44C-958D-4A68-B672-8BD8BB6A64F7}"
EndProject
Global
	GlobalSection(SolutionConfigurationPlatforms) = preSolution
		Debug|Any CPU = Debug|Any CPU
		Release|Any CPU = Release|Any CPU
	EndGlobalSection
	GlobalSection(ProjectConfigurationPlatforms) = postSolution
		{4EEBD44C-958D-4A68-B672-8BD8BB6A64F7}.Debug|Any CPU.ActiveCfg = Debug|Any CPU
		{4EEBD44C-958D-4A68-B672-8BD8BB6A64F7}.Debug|Any CPU.Build.0 = Debug|Any CPU
		{4EEBD44C-958D-4A68-B672-8BD8BB6A64F7}.Release|Any CPU.ActiveCfg = Release|Any CPU
		{4EEBD44C-958D-4A68-B672-8BD8BB6A64F7}.Release|Any CPU.Build.0 = Release|Any CPU
	EndGlobalSection
	GlobalSection(SolutionProperties) = preSolution
		HideSolutionNode = FALSE
	EndGlobalSection
	GlobalSection(ExtensibilityGlobals) = postSolution
		SolutionGuid = {D04CB2C7-7BAD-4D27-86E2-BDC374B799C9}
	EndGlobalSection
EndGlobal
